{
  "name": "ts-node-conditional-export-example",
  "lockfileVersion": 2,
  "requires": true,
  "packages": {
    "": {
      "name": "ts-node-conditional-export-example",
      "license": "MIT",
      "workspaces": [
        "packages/*",
        "user-apps/*"
      ],
      "devDependencies": {
        "prettier": "^2.6.2",
        "rimraf": "^3.0.2",
        "typescript": "^4.7.0-dev.20220505"
      }
    },
    "node_modules/@quramy/app-esm": {
      "resolved": "user-apps/app-esm",
      "link": true
    },
    "node_modules/@quramy/app-old": {
      "resolved": "user-apps/app-old",
      "link": true
    },
    "node_modules/@quramy/library-pkg": {
      "resolved": "packages/library-pkg",
      "link": true
    },
    "node_modules/@types/node": {
      "version": "17.0.31",
      "dev": true,
      "license": "MIT"
    },
    "node_modules/balanced-match": {
      "version": "1.0.2",
      "dev": true,
      "license": "MIT"
    },
    "node_modules/brace-expansion": {
      "version": "1.1.11",
      "dev": true,
      "license": "MIT",
      "dependencies": {
        "balanced-match": "^1.0.0",
        "concat-map": "0.0.1"
      }
    },
    "node_modules/concat-map": {
      "version": "0.0.1",
      "dev": true,
      "license": "MIT"
    },
    "node_modules/fs.realpath": {
      "version": "1.0.0",
      "dev": true,
      "license": "ISC"
    },
    "node_modules/glob": {
      "version": "7.2.0",
      "dev": true,
      "license": "ISC",
      "dependencies": {
        "fs.realpath": "^1.0.0",
        "inflight": "^1.0.4",
        "inherits": "2",
        "minimatch": "^3.0.4",
        "once": "^1.3.0",
        "path-is-absolute": "^1.0.0"
      },
      "engines": {
        "node": "*"
      },
      "funding": {
        "url": "https://github.com/sponsors/isaacs"
      }
    },
    "node_modules/inflight": {
      "version": "1.0.6",
      "dev": true,
      "license": "ISC",
      "dependencies": {
        "once": "^1.3.0",
        "wrappy": "1"
      }
    },
    "node_modules/inherits": {
      "version": "2.0.4",
      "dev": true,
      "license": "ISC"
    },
    "node_modules/minimatch": {
      "version": "3.1.2",
      "dev": true,
      "license": "ISC",
      "dependencies": {
        "brace-expansion": "^1.1.7"
      },
      "engines": {
        "node": "*"
      }
    },
    "node_modules/once": {
      "version": "1.4.0",
      "dev": true,
      "license": "ISC",
      "dependencies": {
        "wrappy": "1"
      }
    },
    "node_modules/path-is-absolute": {
      "version": "1.0.1",
      "dev": true,
      "license": "MIT",
      "engines": {
        "node": ">=0.10.0"
      }
    },
    "node_modules/prettier": {
      "version": "2.6.2",
      "dev": true,
      "license": "MIT",
      "bin": {
        "prettier": "bin-prettier.js"
      },
      "engines": {
        "node": ">=10.13.0"
      },
      "funding": {
        "url": "https://github.com/prettier/prettier?sponsor=1"
      }
    },
    "node_modules/rimraf": {
      "version": "3.0.2",
      "dev": true,
      "license": "ISC",
      "dependencies": {
        "glob": "^7.1.3"
      },
      "bin": {
        "rimraf": "bin.js"
      },
      "funding": {
        "url": "https://github.com/sponsors/isaacs"
      }
    },
    "node_modules/typescript": {
      "version": "4.7.0-dev.20220506",
      "resolved": "https://registry.npmjs.org/typescript/-/typescript-4.7.0-dev.20220506.tgz",
      "integrity": "sha512-2rqSNvYKymAAknVcWTgZLsDGWkr/PZZ9s7K/zGHa8vhAmTPwoFSyc7YxRHYHe2UcxbovTkMg/g8yCQ/VHsk9oQ==",
      "bin": {
        "tsc": "bin/tsc",
        "tsserver": "bin/tsserver"
      },
      "engines": {
        "node": ">=4.2.0"
      }
    },
    "node_modules/wrappy": {
      "version": "1.0.2",
      "dev": true,
      "license": "ISC"
    },
    "packages/library-pkg": {
      "name": "@quramy/library-pkg",
      "version": "1.0.0",
      "license": "MIT",
      "devDependencies": {
        "@types/node": "^17.0.0",
        "typescript": "next"
      }
    },
    "user-apps/app-esm": {
      "name": "@quramy/app-esm",
      "version": "1.0.0",
      "license": "MIT",
      "dependencies": {
        "@quramy/library-pkg": "^1.0.0",
        "typescript": "next"
      }
    },
    "user-apps/app-old": {
      "name": "@quramy/app-old",
      "version": "1.0.0",
      "license": "MIT",
      "dependencies": {
        "@quramy/library-pkg": "^1.0.0"
      },
      "devDependencies": {
        "typescript": "next"
      }
    }
  },
  "dependencies": {
    "@quramy/app-esm": {
      "version": "file:user-apps/app-esm",
      "requires": {
        "@quramy/library-pkg": "^1.0.0",
        "typescript": "next"
      }
    },
    "@quramy/app-old": {
      "version": "file:user-apps/app-old",
      "requires": {
        "@quramy/library-pkg": "^1.0.0",
        "typescript": "next"
      }
    },
    "@quramy/library-pkg": {
      "version": "file:packages/library-pkg",
      "requires": {
        "@types/node": "^17.0.0",
        "typescript": "next"
      }
    },
    "@types/node": {
      "version": "17.0.31",
      "dev": true
    },
    "balanced-match": {
      "version": "1.0.2",
      "dev": true
    },
    "brace-expansion": {
      "version": "1.1.11",
      "dev": true,
      "requires": {
        "balanced-match": "^1.0.0",
        "concat-map": "0.0.1"
      }
    },
    "concat-map": {
      "version": "0.0.1",
      "dev": true
    },
    "fs.realpath": {
      "version": "1.0.0",
      "dev": true
    },
    "glob": {
      "version": "7.2.0",
      "dev": true,
      "requires": {
        "fs.realpath": "^1.0.0",
        "inflight": "^1.0.4",
        "inherits": "2",
        "minimatch": "^3.0.4",
        "once": "^1.3.0",
        "path-is-absolute": "^1.0.0"
      }
    },
    "inflight": {
      "version": "1.0.6",
      "dev": true,
      "requires": {
        "once": "^1.3.0",
        "wrappy": "1"
      }
    },
    "inherits": {
      "version": "2.0.4",
      "dev": true
    },
    "minimatch": {
      "version": "3.1.2",
      "dev": true,
      "requires": {
        "brace-expansion": "^1.1.7"
      }
    },
    "once": {
      "version": "1.4.0",
      "dev": true,
      "requires": {
        "wrappy": "1"
      }
    },
    "path-is-absolute": {
      "version": "1.0.1",
      "dev": true
    },
    "prettier": {
      "version": "2.6.2",
      "dev": true
    },
    "rimraf": {
      "version": "3.0.2",
      "dev": true,
      "requires": {
        "glob": "^7.1.3"
      }
    },
    "typescript": {
      "version": "4.7.0-dev.20220506",
      "resolved": "https://registry.npmjs.org/typescript/-/typescript-4.7.0-dev.20220506.tgz",
      "integrity": "sha512-2rqSNvYKymAAknVcWTgZLsDGWkr/PZZ9s7K/zGHa8vhAmTPwoFSyc7YxRHYHe2UcxbovTkMg/g8yCQ/VHsk9oQ=="
    },
    "wrappy": {
      "version": "1.0.2",
      "dev": true
    }
  }
}
